
Microsoft Visual Studio Solution File, Format Version 11.00
# Visual Studio 2010
Project("{8BC9CEB8-8B4A-11D0-8D11-00A0C91BC942}") = "crc", "crc\crc.vcxproj", "{BF9C014E-0093-4633-8078-174DA6E79ED8}"
EndProject
Global
	GlobalSection(SolutionConfigurationPlatforms) = preSolution
		Debug|Win32 = Debug|Win32
		Release|Win32 = Release|Win32
	EndGlobalSection
	GlobalSection(ProjectConfigurationPlatforms) = postSolution
		{BF9C014E-0093-4633-8078-174DA6E79ED8}.Debug|Win32.ActiveCfg = Debug|Win32
		{BF9C014E-0093-4633-8078-174DA6E79ED8}.Debug|Win32.Build.0 = Debug|Win32
		{BF9C014E-0093-4633-8078-174DA6E79ED8}.Release|Win32.ActiveCfg = Release|Win32
		{BF9C014E-0093-4633-8078-174DA6E79ED8}.Release|Win32.Build.0 = Release|Win32
	EndGlobalSection
	GlobalSection(SolutionProperties) = preSolution
		HideSolutionNode = FALSE
	EndGlobalSection
EndGlobal
